
Microsoft Visual Studio Solution File, Format Version 12.00
# Visual Studio Version 17
VisualStudioVersion = 17.14.36603.0 d17.14
MinimumVisualStudioVersion = 10.0.40219.1
Project("{FAE04EC0-301F-11D3-BF4B-00C04F79EFBC}") = "Vsql", "Vsql.csproj", "{A8E18B56-EEB9-481B-9F3B-7F12590FBE9A}"
EndProject
Global
	GlobalSection(SolutionConfigurationPlatforms) = preSolution
		Debug|Any CPU = Debug|Any CPU
		Release|Any CPU = Release|Any CPU
	EndGlobalSection
	GlobalSection(ProjectConfigurationPlatforms) = postSolution
		{A8E18B56-EEB9-481B-9F3B-7F12590FBE9A}.Debug|Any CPU.ActiveCfg = Debug|Any CPU
		{A8E18B56-EEB9-481B-9F3B-7F12590FBE9A}.Debug|Any CPU.Build.0 = Debug|Any CPU
		{A8E18B56-EEB9-481B-9F3B-7F12590FBE9A}.Release|Any CPU.ActiveCfg = Release|Any CPU
		{A8E18B56-EEB9-481B-9F3B-7F12590FBE9A}.Release|Any CPU.Build.0 = Release|Any CPU
	EndGlobalSection
	GlobalSection(SolutionProperties) = preSolution
		HideSolutionNode = FALSE
	EndGlobalSection
	GlobalSection(ExtensibilityGlobals) = postSolution
		SolutionGuid = {516A447A-D8E0-4147-8EE3-9F913FA3CA1B}
	EndGlobalSection
EndGlobal
